
Microsoft Visual Studio Solution File, Format Version 12.00
# Visual Studio Version 17
VisualStudioVersion = 17.7.34009.444
MinimumVisualStudioVersion = 10.0.40219.1
Project("{9A19103F-16F7-4668-BE54-9A1E7A4F7556}") = "Lab1", "Lab1\Lab1.csproj", "{AC2AF4D0-AE4B-46CF-A727-5E605CE2207C}"
EndProject
Project("{FAE04EC0-301F-11D3-BF4B-00C04F79EFBC}") = "Lab2", "Lab2\Lab2.csproj", "{6FF8D759-0FF8-4DD1-BB0E-F587410EFF7B}"
EndProject
Global
	GlobalSection(SolutionConfigurationPlatforms) = preSolution
		Debug|Any CPU = Debug|Any CPU
		Release|Any CPU = Release|Any CPU
	EndGlobalSection
	GlobalSection(ProjectConfigurationPlatforms) = postSolution
		{AC2AF4D0-AE4B-46CF-A727-5E605CE2207C}.Debug|Any CPU.ActiveCfg = Debug|Any CPU
		{AC2AF4D0-AE4B-46CF-A727-5E605CE2207C}.Debug|Any CPU.Build.0 = Debug|Any CPU
		{AC2AF4D0-AE4B-46CF-A727-5E605CE2207C}.Release|Any CPU.ActiveCfg = Release|Any CPU
		{AC2AF4D0-AE4B-46CF-A727-5E605CE2207C}.Release|Any CPU.Build.0 = Release|Any CPU
		{6FF8D759-0FF8-4DD1-BB0E-F587410EFF7B}.Debug|Any CPU.ActiveCfg = Debug|Any CPU
		{6FF8D759-0FF8-4DD1-BB0E-F587410EFF7B}.Debug|Any CPU.Build.0 = Debug|Any CPU
		{6FF8D759-0FF8-4DD1-BB0E-F587410EFF7B}.Release|Any CPU.ActiveCfg = Release|Any CPU
		{6FF8D759-0FF8-4DD1-BB0E-F587410EFF7B}.Release|Any CPU.Build.0 = Release|Any CPU
	EndGlobalSection
	GlobalSection(SolutionProperties) = preSolution
		HideSolutionNode = FALSE
	EndGlobalSection
	GlobalSection(ExtensibilityGlobals) = postSolution
		SolutionGuid = {9011DB7C-51E4-4AD1-B0E5-95F0598B9617}
	EndGlobalSection
EndGlobal
